
Microsoft Visual Studio Solution File, Format Version 12.00
# Visual Studio Version 17
VisualStudioVersion = 17.14.36310.24 d17.14
MinimumVisualStudioVersion = 10.0.40219.1
Project("{FAE04EC0-301F-11D3-BF4B-00C04F79EFBC}") = "secondproject", "secondproject.csproj", "{2C863FB9-8A20-4E6F-BA46-77D96137E94B}"
EndProject
Global
	GlobalSection(SolutionConfigurationPlatforms) = preSolution
		Debug|Any CPU = Debug|Any CPU
		Release|Any CPU = Release|Any CPU
	EndGlobalSection
	GlobalSection(ProjectConfigurationPlatforms) = postSolution
		{2C863FB9-8A20-4E6F-BA46-77D96137E94B}.Debug|Any CPU.ActiveCfg = Debug|Any CPU
		{2C863FB9-8A20-4E6F-BA46-77D96137E94B}.Debug|Any CPU.Build.0 = Debug|Any CPU
		{2C863FB9-8A20-4E6F-BA46-77D96137E94B}.Release|Any CPU.ActiveCfg = Release|Any CPU
		{2C863FB9-8A20-4E6F-BA46-77D96137E94B}.Release|Any CPU.Build.0 = Release|Any CPU
	EndGlobalSection
	GlobalSection(SolutionProperties) = preSolution
		HideSolutionNode = FALSE
	EndGlobalSection
	GlobalSection(ExtensibilityGlobals) = postSolution
		SolutionGuid = {30FFBF43-D9F2-45EF-ABEF-30D793469F29}
	EndGlobalSection
EndGlobal
